{
  "name": "test",
  "lockfileVersion": 2,
  "requires": true,
  "packages": {
    "": {
      "dependencies": {
        "cypress-file-upload": "^5.0.2"
      }
    },
    "node_modules/cypress-file-upload": {
      "version": "5.0.2",
      "resolved": "https://registry.yarnpkg.com/cypress-file-upload/-/cypress-file-upload-5.0.2.tgz",
      "integrity": "sha512-QRPnQPeEaW+HMVB62/htIsKh7Kd/x2uzoHKEQxh7LCD+4IaG0rAjLZupCIjjUh+JnRymgfir8wOYtFSJCNWlpA==",
      "license": "MIT",
      "dependencies": {
        "mime": "^2.5.0"
      },
      "engines": {
        "node": ">=8.2.1"
      },
      "peerDependencies": {
        "cypress": ">3.0.0"
      }
    },
    "node_modules/mime": {
      "version": "2.5.2",
      "resolved": "https://registry.yarnpkg.com/mime/-/mime-2.5.2.tgz",
      "integrity": "sha512-tqkh47FzKeCPD2PUiPB6pkbMzsCasjxAfC62/Wap5qrUWcb+sFasXUC5I3gYM5iBM8v/Qpn4UK0x+j0iHyFPDg==",
      "license": "MIT",
      "bin": {
        "mime": "cli.js"
      },
      "engines": {
        "node": ">=4.0.0"
      }
    }
  },
  "dependencies": {
    "cypress-file-upload": {
      "version": "5.0.2",
      "resolved": "https://registry.yarnpkg.com/cypress-file-upload/-/cypress-file-upload-5.0.2.tgz",
      "integrity": "sha512-QRPnQPeEaW+HMVB62/htIsKh7Kd/x2uzoHKEQxh7LCD+4IaG0rAjLZupCIjjUh+JnRymgfir8wOYtFSJCNWlpA==",
      "requires": {
        "mime": "^2.5.0"
      }
    },
    "mime": {
      "version": "2.5.2",
      "resolved": "https://registry.yarnpkg.com/mime/-/mime-2.5.2.tgz",
      "integrity": "sha512-tqkh47FzKeCPD2PUiPB6pkbMzsCasjxAfC62/Wap5qrUWcb+sFasXUC5I3gYM5iBM8v/Qpn4UK0x+j0iHyFPDg=="
    }
  }
}
