# THIS IS AN AUTOGENERATED FILE. DO NOT EDIT THIS FILE DIRECTLY.
# yarn lockfile v1


cypress-file-upload@^5.0.2:
  version "5.0.2"
  resolved "https://registry.yarnpkg.com/cypress-file-upload/-/cypress-file-upload-5.0.2.tgz#538722e64747b5bf309399a7df26b470431859cb"
  integrity sha512-QRPnQPeEaW+HMVB62/htIsKh7Kd/x2uzoHKEQxh7LCD+4IaG0rAjLZupCIjjUh+JnRymgfir8wOYtFSJCNWlpA==
  dependencies:
    mime "^2.5.0"

mime@^2.5.0:
  version "2.5.2"
  resolved "https://registry.yarnpkg.com/mime/-/mime-2.5.2.tgz#6e3dc6cc2b9510643830e5f19d5cb753da5eeabe"
  integrity sha512-tqkh47FzKeCPD2PUiPB6pkbMzsCasjxAfC62/Wap5qrUWcb+sFasXUC5I3gYM5iBM8v/Qpn4UK0x+j0iHyFPDg==
